
Microsoft Visual Studio Solution File, Format Version 12.00
# Visual Studio Version 16
VisualStudioVersion = 16.0.30621.155
MinimumVisualStudioVersion = 10.0.40219.1
Project("{FAE04EC0-301F-11D3-BF4B-00C04F79EFBC}") = "WpfMvvm", "WpfMvvm.csproj", "{33084046-9AD7-4E36-BE3B-E9C82E6A697D}"
EndProject
Global
	GlobalSection(SolutionConfigurationPlatforms) = preSolution
		Debug|Any CPU = Debug|Any CPU
		NuGet|Any CPU = NuGet|Any CPU
		Release|Any CPU = Release|Any CPU
	EndGlobalSection
	GlobalSection(ProjectConfigurationPlatforms) = postSolution
		{33084046-9AD7-4E36-BE3B-E9C82E6A697D}.Debug|Any CPU.ActiveCfg = Debug|Any CPU
		{33084046-9AD7-4E36-BE3B-E9C82E6A697D}.Debug|Any CPU.Build.0 = Debug|Any CPU
		{33084046-9AD7-4E36-BE3B-E9C82E6A697D}.NuGet|Any CPU.ActiveCfg = NuGet|Any CPU
		{33084046-9AD7-4E36-BE3B-E9C82E6A697D}.NuGet|Any CPU.Build.0 = NuGet|Any CPU
		{33084046-9AD7-4E36-BE3B-E9C82E6A697D}.Release|Any CPU.ActiveCfg = Release|Any CPU
		{33084046-9AD7-4E36-BE3B-E9C82E6A697D}.Release|Any CPU.Build.0 = Release|Any CPU
	EndGlobalSection
	GlobalSection(SolutionProperties) = preSolution
		HideSolutionNode = FALSE
	EndGlobalSection
	GlobalSection(ExtensibilityGlobals) = postSolution
		SolutionGuid = {95057A6C-1519-402E-AD1C-562C2D182BD7}
	EndGlobalSection
EndGlobal
